
Microsoft Visual Studio Solution File, Format Version 12.00
# Visual Studio Version 18
VisualStudioVersion = 18.0.11222.15
MinimumVisualStudioVersion = 10.0.40219.1
Project("{FAE04EC0-301F-11D3-BF4B-00C04F79EFBC}") = "JudoClient", "JudoClient\JudoClient.csproj", "{7536EDC7-A7A2-404D-BABD-E78FADE367CC}"
EndProject
Project("{FAE04EC0-301F-11D3-BF4B-00C04F79EFBC}") = "KernelImpl", "KernelImpl\KernelImpl.csproj", "{392BDDAB-3D85-46C8-B419-0D8C81DC5146}"
EndProject
Project("{FAE04EC0-301F-11D3-BF4B-00C04F79EFBC}") = "AppPublication", "AppPublication\AppPublication.csproj", "{6C1E8B0A-1A8A-4D6A-B60C-CEF64F81DCA1}"
EndProject
Project("{2150E333-8FDC-42A3-9474-1A3956D46DE8}") = "Solution Items", "Solution Items", "{A33E7D1B-FCE6-44C1-9924-72FE1F4FE80E}"
	ProjectSection(SolutionItems) = preProject
		.editorconfig = .editorconfig
		CodeCoverage.runsettings = CodeCoverage.runsettings
		Directory.Build.props = Directory.Build.props
		France-Judo.ico = France-Judo.ico
		Logo_AppPublication.ico = Logo_AppPublication.ico
	EndProjectSection
EndProject
Project("{9A19103F-16F7-4668-BE54-9A1E7A4F7556}") = "Installer", "Installer\Installer.csproj", "{69E4B869-FA28-4677-9F9D-7291F2422AFF}"
	ProjectSection(ProjectDependencies) = postProject
		{392BDDAB-3D85-46C8-B419-0D8C81DC5146} = {392BDDAB-3D85-46C8-B419-0D8C81DC5146}
		{6C1E8B0A-1A8A-4D6A-B60C-CEF64F81DCA1} = {6C1E8B0A-1A8A-4D6A-B60C-CEF64F81DCA1}
		{7536EDC7-A7A2-404D-BABD-E78FADE367CC} = {7536EDC7-A7A2-404D-BABD-E78FADE367CC}
	EndProjectSection
EndProject
Project("{FAE04EC0-301F-11D3-BF4B-00C04F79EFBC}") = "FranceJudo.Core", "FranceJudo.Core\FranceJudo.Core.csproj", "{13CAD1C5-1448-4B69-B2C9-DE15AECCE84B}"
EndProject
Project("{FAE04EC0-301F-11D3-BF4B-00C04F79EFBC}") = "FranceJudo.UI", "FranceJudo.UI\FranceJudo.UI.csproj", "{BFFDEEFA-CCDC-4DC2-8AF5-D6509D2F7619}"
EndProject
Project("{FAE04EC0-301F-11D3-BF4B-00C04F79EFBC}") = "FranceJudo.Metier", "FranceJudo.Metier\FranceJudo.Metier.csproj", "{E49D2215-4D00-4340-B7D3-CCD85D49E60D}"
EndProject
Project("{FAE04EC0-301F-11D3-BF4B-00C04F79EFBC}") = "FranceJudo.Core.Tests", "FranceJudo.Core.Tests\FranceJudo.Core.Tests.csproj", "{59B4A58E-2848-47EC-8A07-267774C2814F}"
EndProject
Project("{FAE04EC0-301F-11D3-BF4B-00C04F79EFBC}") = "FranceJudo.Metier.Tests", "FranceJudo.Metier.Tests\FranceJudo.Metier.Tests.csproj", "{05BEC9E8-4B69-4AA8-B18B-880E7C4D614D}"
EndProject
Project("{FAE04EC0-301F-11D3-BF4B-00C04F79EFBC}") = "FranceJudo.UI.Tests", "FranceJudo.UI.Tests\FranceJudo.UI.Tests.csproj", "{8042CF3D-D061-46C0-903F-B9F44C6351D5}"
EndProject
Project("{FAE04EC0-301F-11D3-BF4B-00C04F79EFBC}") = "JudoClient.Tests", "JudoClient.Tests\JudoClient.Tests.csproj", "{0931EF47-DD88-4A4A-A17F-81F808D9F86E}"
EndProject
Project("{FAE04EC0-301F-11D3-BF4B-00C04F79EFBC}") = "KernelImpl.Tests", "KernelImplTests\KernelImpl.Tests.csproj", "{F8DF54A4-4BCF-4F4B-971B-6F65DD9EC2E8}"
EndProject
Global
	GlobalSection(SolutionConfigurationPlatforms) = preSolution
		CD_ROM|Any CPU = CD_ROM|Any CPU
		CD_ROM|ARM = CD_ROM|ARM
		CD_ROM|Mixed Platforms = CD_ROM|Mixed Platforms
		CD_ROM|x64 = CD_ROM|x64
		CD_ROM|x86 = CD_ROM|x86
		Debug|Any CPU = Debug|Any CPU
		Debug|ARM = Debug|ARM
		Debug|Mixed Platforms = Debug|Mixed Platforms
		Debug|x64 = Debug|x64
		Debug|x86 = Debug|x86
		DVD-5|Any CPU = DVD-5|Any CPU
		DVD-5|ARM = DVD-5|ARM
		DVD-5|Mixed Platforms = DVD-5|Mixed Platforms
		DVD-5|x64 = DVD-5|x64
		DVD-5|x86 = DVD-5|x86
		Release|Any CPU = Release|Any CPU
		Release|ARM = Release|ARM
		Release|Mixed Platforms = Release|Mixed Platforms
		Release|x64 = Release|x64
		Release|x86 = Release|x86
		SingleImage|Any CPU = SingleImage|Any CPU
		SingleImage|ARM = SingleImage|ARM
		SingleImage|Mixed Platforms = SingleImage|Mixed Platforms
		SingleImage|x64 = SingleImage|x64
		SingleImage|x86 = SingleImage|x86
	EndGlobalSection
	GlobalSection(ProjectConfigurationPlatforms) = postSolution
		{7536EDC7-A7A2-404D-BABD-E78FADE367CC}.CD_ROM|Any CPU.ActiveCfg = Release|Any CPU
		{7536EDC7-A7A2-404D-BABD-E78FADE367CC}.CD_ROM|Any CPU.Build.0 = Release|Any CPU
		{7536EDC7-A7A2-404D-BABD-E78FADE367CC}.CD_ROM|ARM.ActiveCfg = Release|Any CPU
		{7536EDC7-A7A2-404D-BABD-E78FADE367CC}.CD_ROM|Mixed Platforms.ActiveCfg = Release|Any CPU
		{7536EDC7-A7A2-404D-BABD-E78FADE367CC}.CD_ROM|Mixed Platforms.Build.0 = Release|Any CPU
		{7536EDC7-A7A2-404D-BABD-E78FADE367CC}.CD_ROM|x64.ActiveCfg = Release|Any CPU
		{7536EDC7-A7A2-404D-BABD-E78FADE367CC}.CD_ROM|x86.ActiveCfg = Release|Any CPU
		{7536EDC7-A7A2-404D-BABD-E78FADE367CC}.Debug|Any CPU.ActiveCfg = Debug|Any CPU
		{7536EDC7-A7A2-404D-BABD-E78FADE367CC}.Debug|Any CPU.Build.0 = Debug|Any CPU
		{7536EDC7-A7A2-404D-BABD-E78FADE367CC}.Debug|ARM.ActiveCfg = Debug|Any CPU
		{7536EDC7-A7A2-404D-BABD-E78FADE367CC}.Debug|Mixed Platforms.ActiveCfg = Debug|Any CPU
		{7536EDC7-A7A2-404D-BABD-E78FADE367CC}.Debug|Mixed Platforms.Build.0 = Debug|Any CPU
		{7536EDC7-A7A2-404D-BABD-E78FADE367CC}.Debug|x64.ActiveCfg = Debug|Any CPU
		{7536EDC7-A7A2-404D-BABD-E78FADE367CC}.Debug|x86.ActiveCfg = Debug|Any CPU
		{7536EDC7-A7A2-404D-BABD-E78FADE367CC}.DVD-5|Any CPU.ActiveCfg = Debug|Any CPU
		{7536EDC7-A7A2-404D-BABD-E78FADE367CC}.DVD-5|Any CPU.Build.0 = Debug|Any CPU
		{7536EDC7-A7A2-404D-BABD-E78FADE367CC}.DVD-5|ARM.ActiveCfg = Debug|Any CPU
		{7536EDC7-A7A2-404D-BABD-E78FADE367CC}.DVD-5|Mixed Platforms.ActiveCfg = Debug|Any CPU
		{7536EDC7-A7A2-404D-BABD-E78FADE367CC}.DVD-5|Mixed Platforms.Build.0 = Debug|Any CPU
		{7536EDC7-A7A2-404D-BABD-E78FADE367CC}.DVD-5|x64.ActiveCfg = Debug|Any CPU
		{7536EDC7-A7A2-404D-BABD-E78FADE367CC}.DVD-5|x86.ActiveCfg = Debug|Any CPU
		{7536EDC7-A7A2-404D-BABD-E78FADE367CC}.Release|Any CPU.ActiveCfg = Release|Any CPU
		{7536EDC7-A7A2-404D-BABD-E78FADE367CC}.Release|Any CPU.Build.0 = Release|Any CPU
		{7536EDC7-A7A2-404D-BABD-E78FADE367CC}.Release|ARM.ActiveCfg = Release|Any CPU
		{7536EDC7-A7A2-404D-BABD-E78FADE367CC}.Release|Mixed Platforms.ActiveCfg = Release|Any CPU
		{7536EDC7-A7A2-404D-BABD-E78FADE367CC}.Release|Mixed Platforms.Build.0 = Release|Any CPU
		{7536EDC7-A7A2-404D-BABD-E78FADE367CC}.Release|x64.ActiveCfg = Release|Any CPU
		{7536EDC7-A7A2-404D-BABD-E78FADE367CC}.Release|x86.ActiveCfg = Release|Any CPU
		{7536EDC7-A7A2-404D-BABD-E78FADE367CC}.SingleImage|Any CPU.ActiveCfg = Release|Any CPU
		{7536EDC7-A7A2-404D-BABD-E78FADE367CC}.SingleImage|Any CPU.Build.0 = Release|Any CPU
		{7536EDC7-A7A2-404D-BABD-E78FADE367CC}.SingleImage|ARM.ActiveCfg = Release|Any CPU
		{7536EDC7-A7A2-404D-BABD-E78FADE367CC}.SingleImage|Mixed Platforms.ActiveCfg = Release|Any CPU
		{7536EDC7-A7A2-404D-BABD-E78FADE367CC}.SingleImage|Mixed Platforms.Build.0 = Release|Any CPU
		{7536EDC7-A7A2-404D-BABD-E78FADE367CC}.SingleImage|x64.ActiveCfg = Release|Any CPU
		{7536EDC7-A7A2-404D-BABD-E78FADE367CC}.SingleImage|x86.ActiveCfg = Release|Any CPU
		{392BDDAB-3D85-46C8-B419-0D8C81DC5146}.CD_ROM|Any CPU.ActiveCfg = Release|Any CPU
		{392BDDAB-3D85-46C8-B419-0D8C81DC5146}.CD_ROM|Any CPU.Build.0 = Release|Any CPU
		{392BDDAB-3D85-46C8-B419-0D8C81DC5146}.CD_ROM|ARM.ActiveCfg = Release|Any CPU
		{392BDDAB-3D85-46C8-B419-0D8C81DC5146}.CD_ROM|ARM.Build.0 = Release|Any CPU
		{392BDDAB-3D85-46C8-B419-0D8C81DC5146}.CD_ROM|Mixed Platforms.ActiveCfg = Release|Any CPU
		{392BDDAB-3D85-46C8-B419-0D8C81DC5146}.CD_ROM|Mixed Platforms.Build.0 = Release|Any CPU
		{392BDDAB-3D85-46C8-B419-0D8C81DC5146}.CD_ROM|x64.ActiveCfg = Release|Any CPU
		{392BDDAB-3D85-46C8-B419-0D8C81DC5146}.CD_ROM|x64.Build.0 = Release|Any CPU
		{392BDDAB-3D85-46C8-B419-0D8C81DC5146}.CD_ROM|x86.ActiveCfg = Release|Any CPU
		{392BDDAB-3D85-46C8-B419-0D8C81DC5146}.CD_ROM|x86.Build.0 = Release|Any CPU
		{392BDDAB-3D85-46C8-B419-0D8C81DC5146}.Debug|Any CPU.ActiveCfg = Debug|Any CPU
		{392BDDAB-3D85-46C8-B419-0D8C81DC5146}.Debug|Any CPU.Build.0 = Debug|Any CPU
		{392BDDAB-3D85-46C8-B419-0D8C81DC5146}.Debug|ARM.ActiveCfg = Debug|Any CPU
		{392BDDAB-3D85-46C8-B419-0D8C81DC5146}.Debug|ARM.Build.0 = Debug|Any CPU
		{392BDDAB-3D85-46C8-B419-0D8C81DC5146}.Debug|Mixed Platforms.ActiveCfg = Debug|Any CPU
		{392BDDAB-3D85-46C8-B419-0D8C81DC5146}.Debug|Mixed Platforms.Build.0 = Debug|Any CPU
		{392BDDAB-3D85-46C8-B419-0D8C81DC5146}.Debug|x64.ActiveCfg = Debug|Any CPU
		{392BDDAB-3D85-46C8-B419-0D8C81DC5146}.Debug|x64.Build.0 = Debug|Any CPU
		{392BDDAB-3D85-46C8-B419-0D8C81DC5146}.Debug|x86.ActiveCfg = Debug|Any CPU
		{392BDDAB-3D85-46C8-B419-0D8C81DC5146}.Debug|x86.Build.0 = Debug|Any CPU
		{392BDDAB-3D85-46C8-B419-0D8C81DC5146}.DVD-5|Any CPU.ActiveCfg = Debug|Any CPU
		{392BDDAB-3D85-46C8-B419-0D8C81DC5146}.DVD-5|Any CPU.Build.0 = Debug|Any CPU
		{392BDDAB-3D85-46C8-B419-0D8C81DC5146}.DVD-5|ARM.ActiveCfg = Debug|Any CPU
		{392BDDAB-3D85-46C8-B419-0D8C81DC5146}.DVD-5|ARM.Build.0 = Debug|Any CPU
		{392BDDAB-3D85-46C8-B419-0D8C81DC5146}.DVD-5|Mixed Platforms.ActiveCfg = Debug|Any CPU
		{392BDDAB-3D85-46C8-B419-0D8C81DC5146}.DVD-5|Mixed Platforms.Build.0 = Debug|Any CPU
		{392BDDAB-3D85-46C8-B419-0D8C81DC5146}.DVD-5|x64.ActiveCfg = Debug|Any CPU
		{392BDDAB-3D85-46C8-B419-0D8C81DC5146}.DVD-5|x64.Build.0 = Debug|Any CPU
		{392BDDAB-3D85-46C8-B419-0D8C81DC5146}.DVD-5|x86.ActiveCfg = Debug|Any CPU
		{392BDDAB-3D85-46C8-B419-0D8C81DC5146}.DVD-5|x86.Build.0 = Debug|Any CPU
		{392BDDAB-3D85-46C8-B419-0D8C81DC5146}.Release|Any CPU.ActiveCfg = Release|Any CPU
		{392BDDAB-3D85-46C8-B419-0D8C81DC5146}.Release|Any CPU.Build.0 = Release|Any CPU
		{392BDDAB-3D85-46C8-B419-0D8C81DC5146}.Release|ARM.ActiveCfg = Release|Any CPU
		{392BDDAB-3D85-46C8-B419-0D8C81DC5146}.Release|ARM.Build.0 = Release|Any CPU
		{392BDDAB-3D85-46C8-B419-0D8C81DC5146}.Release|Mixed Platforms.ActiveCfg = Release|Any CPU
		{392BDDAB-3D85-46C8-B419-0D8C81DC5146}.Release|Mixed Platforms.Build.0 = Release|Any CPU
		{392BDDAB-3D85-46C8-B419-0D8C81DC5146}.Release|x64.ActiveCfg = Release|Any CPU
		{392BDDAB-3D85-46C8-B419-0D8C81DC5146}.Release|x64.Build.0 = Release|Any CPU
		{392BDDAB-3D85-46C8-B419-0D8C81DC5146}.Release|x86.ActiveCfg = Release|Any CPU
		{392BDDAB-3D85-46C8-B419-0D8C81DC5146}.Release|x86.Build.0 = Release|Any CPU
		{392BDDAB-3D85-46C8-B419-0D8C81DC5146}.SingleImage|Any CPU.ActiveCfg = Release|Any CPU
		{392BDDAB-3D85-46C8-B419-0D8C81DC5146}.SingleImage|Any CPU.Build.0 = Release|Any CPU
		{392BDDAB-3D85-46C8-B419-0D8C81DC5146}.SingleImage|ARM.ActiveCfg = Release|Any CPU
		{392BDDAB-3D85-46C8-B419-0D8C81DC5146}.SingleImage|ARM.Build.0 = Release|Any CPU
		{392BDDAB-3D85-46C8-B419-0D8C81DC5146}.SingleImage|Mixed Platforms.ActiveCfg = Release|Any CPU
		{392BDDAB-3D85-46C8-B419-0D8C81DC5146}.SingleImage|Mixed Platforms.Build.0 = Release|Any CPU
		{392BDDAB-3D85-46C8-B419-0D8C81DC5146}.SingleImage|x64.ActiveCfg = Release|Any CPU
		{392BDDAB-3D85-46C8-B419-0D8C81DC5146}.SingleImage|x64.Build.0 = Release|Any CPU
		{392BDDAB-3D85-46C8-B419-0D8C81DC5146}.SingleImage|x86.ActiveCfg = Release|Any CPU
		{392BDDAB-3D85-46C8-B419-0D8C81DC5146}.SingleImage|x86.Build.0 = Release|Any CPU
		{6C1E8B0A-1A8A-4D6A-B60C-CEF64F81DCA1}.CD_ROM|Any CPU.ActiveCfg = Release|Any CPU
		{6C1E8B0A-1A8A-4D6A-B60C-CEF64F81DCA1}.CD_ROM|Any CPU.Build.0 = Release|Any CPU
		{6C1E8B0A-1A8A-4D6A-B60C-CEF64F81DCA1}.CD_ROM|ARM.ActiveCfg = Release|Any CPU
		{6C1E8B0A-1A8A-4D6A-B60C-CEF64F81DCA1}.CD_ROM|ARM.Build.0 = Release|Any CPU
		{6C1E8B0A-1A8A-4D6A-B60C-CEF64F81DCA1}.CD_ROM|Mixed Platforms.ActiveCfg = Release|Any CPU
		{6C1E8B0A-1A8A-4D6A-B60C-CEF64F81DCA1}.CD_ROM|Mixed Platforms.Build.0 = Release|Any CPU
		{6C1E8B0A-1A8A-4D6A-B60C-CEF64F81DCA1}.CD_ROM|x64.ActiveCfg = Release|Any CPU
		{6C1E8B0A-1A8A-4D6A-B60C-CEF64F81DCA1}.CD_ROM|x64.Build.0 = Release|Any CPU
		{6C1E8B0A-1A8A-4D6A-B60C-CEF64F81DCA1}.CD_ROM|x86.ActiveCfg = Release|Any CPU
		{6C1E8B0A-1A8A-4D6A-B60C-CEF64F81DCA1}.CD_ROM|x86.Build.0 = Release|Any CPU
		{6C1E8B0A-1A8A-4D6A-B60C-CEF64F81DCA1}.Debug|Any CPU.ActiveCfg = Debug|Any CPU
		{6C1E8B0A-1A8A-4D6A-B60C-CEF64F81DCA1}.Debug|Any CPU.Build.0 = Debug|Any CPU
		{6C1E8B0A-1A8A-4D6A-B60C-CEF64F81DCA1}.Debug|ARM.ActiveCfg = Debug|Any CPU
		{6C1E8B0A-1A8A-4D6A-B60C-CEF64F81DCA1}.Debug|ARM.Build.0 = Debug|Any CPU
		{6C1E8B0A-1A8A-4D6A-B60C-CEF64F81DCA1}.Debug|Mixed Platforms.ActiveCfg = Debug|Any CPU
		{6C1E8B0A-1A8A-4D6A-B60C-CEF64F81DCA1}.Debug|Mixed Platforms.Build.0 = Debug|Any CPU
		{6C1E8B0A-1A8A-4D6A-B60C-CEF64F81DCA1}.Debug|x64.ActiveCfg = Debug|Any CPU
		{6C1E8B0A-1A8A-4D6A-B60C-CEF64F81DCA1}.Debug|x64.Build.0 = Debug|Any CPU
		{6C1E8B0A-1A8A-4D6A-B60C-CEF64F81DCA1}.Debug|x86.ActiveCfg = Debug|Any CPU
		{6C1E8B0A-1A8A-4D6A-B60C-CEF64F81DCA1}.Debug|x86.Build.0 = Debug|Any CPU
		{6C1E8B0A-1A8A-4D6A-B60C-CEF64F81DCA1}.DVD-5|Any CPU.ActiveCfg = Debug|Any CPU
		{6C1E8B0A-1A8A-4D6A-B60C-CEF64F81DCA1}.DVD-5|Any CPU.Build.0 = Debug|Any CPU
		{6C1E8B0A-1A8A-4D6A-B60C-CEF64F81DCA1}.DVD-5|ARM.ActiveCfg = Debug|Any CPU
		{6C1E8B0A-1A8A-4D6A-B60C-CEF64F81DCA1}.DVD-5|ARM.Build.0 = Debug|Any CPU
		{6C1E8B0A-1A8A-4D6A-B60C-CEF64F81DCA1}.DVD-5|Mixed Platforms.ActiveCfg = Debug|Any CPU
		{6C1E8B0A-1A8A-4D6A-B60C-CEF64F81DCA1}.DVD-5|Mixed Platforms.Build.0 = Debug|Any CPU
		{6C1E8B0A-1A8A-4D6A-B60C-CEF64F81DCA1}.DVD-5|x64.ActiveCfg = Debug|Any CPU
		{6C1E8B0A-1A8A-4D6A-B60C-CEF64F81DCA1}.DVD-5|x64.Build.0 = Debug|Any CPU
		{6C1E8B0A-1A8A-4D6A-B60C-CEF64F81DCA1}.DVD-5|x86.ActiveCfg = Debug|Any CPU
		{6C1E8B0A-1A8A-4D6A-B60C-CEF64F81DCA1}.DVD-5|x86.Build.0 = Debug|Any CPU
		{6C1E8B0A-1A8A-4D6A-B60C-CEF64F81DCA1}.Release|Any CPU.ActiveCfg = Release|Any CPU
		{6C1E8B0A-1A8A-4D6A-B60C-CEF64F81DCA1}.Release|Any CPU.Build.0 = Release|Any CPU
		{6C1E8B0A-1A8A-4D6A-B60C-CEF64F81DCA1}.Release|ARM.ActiveCfg = Release|Any CPU
		{6C1E8B0A-1A8A-4D6A-B60C-CEF64F81DCA1}.Release|ARM.Build.0 = Release|Any CPU
		{6C1E8B0A-1A8A-4D6A-B60C-CEF64F81DCA1}.Release|Mixed Platforms.ActiveCfg = Release|Any CPU
		{6C1E8B0A-1A8A-4D6A-B60C-CEF64F81DCA1}.Release|Mixed Platforms.Build.0 = Release|Any CPU
		{6C1E8B0A-1A8A-4D6A-B60C-CEF64F81DCA1}.Release|x64.ActiveCfg = Release|Any CPU
		{6C1E8B0A-1A8A-4D6A-B60C-CEF64F81DCA1}.Release|x64.Build.0 = Release|Any CPU
		{6C1E8B0A-1A8A-4D6A-B60C-CEF64F81DCA1}.Release|x86.ActiveCfg = Release|Any CPU
		{6C1E8B0A-1A8A-4D6A-B60C-CEF64F81DCA1}.Release|x86.Build.0 = Release|Any CPU
		{6C1E8B0A-1A8A-4D6A-B60C-CEF64F81DCA1}.SingleImage|Any CPU.ActiveCfg = Release|Any CPU
		{6C1E8B0A-1A8A-4D6A-B60C-CEF64F81DCA1}.SingleImage|Any CPU.Build.0 = Release|Any CPU
		{6C1E8B0A-1A8A-4D6A-B60C-CEF64F81DCA1}.SingleImage|ARM.ActiveCfg = Release|Any CPU
		{6C1E8B0A-1A8A-4D6A-B60C-CEF64F81DCA1}.SingleImage|ARM.Build.0 = Release|Any CPU
		{6C1E8B0A-1A8A-4D6A-B60C-CEF64F81DCA1}.SingleImage|Mixed Platforms.ActiveCfg = Release|Any CPU
		{6C1E8B0A-1A8A-4D6A-B60C-CEF64F81DCA1}.SingleImage|Mixed Platforms.Build.0 = Release|Any CPU
		{6C1E8B0A-1A8A-4D6A-B60C-CEF64F81DCA1}.SingleImage|x64.ActiveCfg = Release|Any CPU
		{6C1E8B0A-1A8A-4D6A-B60C-CEF64F81DCA1}.SingleImage|x64.Build.0 = Release|Any CPU
		{6C1E8B0A-1A8A-4D6A-B60C-CEF64F81DCA1}.SingleImage|x86.ActiveCfg = Release|Any CPU
		{6C1E8B0A-1A8A-4D6A-B60C-CEF64F81DCA1}.SingleImage|x86.Build.0 = Release|Any CPU
		{69E4B869-FA28-4677-9F9D-7291F2422AFF}.CD_ROM|Any CPU.ActiveCfg = Debug|Any CPU
		{69E4B869-FA28-4677-9F9D-7291F2422AFF}.CD_ROM|Any CPU.Build.0 = Debug|Any CPU
		{69E4B869-FA28-4677-9F9D-7291F2422AFF}.CD_ROM|ARM.ActiveCfg = Debug|Any CPU
		{69E4B869-FA28-4677-9F9D-7291F2422AFF}.CD_ROM|ARM.Build.0 = Debug|Any CPU
		{69E4B869-FA28-4677-9F9D-7291F2422AFF}.CD_ROM|Mixed Platforms.ActiveCfg = Debug|Any CPU
		{69E4B869-FA28-4677-9F9D-7291F2422AFF}.CD_ROM|Mixed Platforms.Build.0 = Debug|Any CPU
		{69E4B869-FA28-4677-9F9D-7291F2422AFF}.CD_ROM|x64.ActiveCfg = Debug|Any CPU
		{69E4B869-FA28-4677-9F9D-7291F2422AFF}.CD_ROM|x64.Build.0 = Debug|Any CPU
		{69E4B869-FA28-4677-9F9D-7291F2422AFF}.CD_ROM|x86.ActiveCfg = Debug|Any CPU
		{69E4B869-FA28-4677-9F9D-7291F2422AFF}.CD_ROM|x86.Build.0 = Debug|Any CPU
		{69E4B869-FA28-4677-9F9D-7291F2422AFF}.Debug|Any CPU.ActiveCfg = Debug|Any CPU
		{69E4B869-FA28-4677-9F9D-7291F2422AFF}.Debug|Any CPU.Build.0 = Debug|Any CPU
		{69E4B869-FA28-4677-9F9D-7291F2422AFF}.Debug|ARM.ActiveCfg = Debug|Any CPU
		{69E4B869-FA28-4677-9F9D-7291F2422AFF}.Debug|ARM.Build.0 = Debug|Any CPU
		{69E4B869-FA28-4677-9F9D-7291F2422AFF}.Debug|Mixed Platforms.ActiveCfg = Debug|Any CPU
		{69E4B869-FA28-4677-9F9D-7291F2422AFF}.Debug|x64.ActiveCfg = Debug|Any CPU
		{69E4B869-FA28-4677-9F9D-7291F2422AFF}.Debug|x64.Build.0 = Debug|Any CPU
		{69E4B869-FA28-4677-9F9D-7291F2422AFF}.Debug|x86.ActiveCfg = Debug|Any CPU
		{69E4B869-FA28-4677-9F9D-7291F2422AFF}.Debug|x86.Build.0 = Debug|Any CPU
		{69E4B869-FA28-4677-9F9D-7291F2422AFF}.DVD-5|Any CPU.ActiveCfg = Debug|Any CPU
		{69E4B869-FA28-4677-9F9D-7291F2422AFF}.DVD-5|Any CPU.Build.0 = Debug|Any CPU
		{69E4B869-FA28-4677-9F9D-7291F2422AFF}.DVD-5|ARM.ActiveCfg = Debug|Any CPU
		{69E4B869-FA28-4677-9F9D-7291F2422AFF}.DVD-5|ARM.Build.0 = Debug|Any CPU
		{69E4B869-FA28-4677-9F9D-7291F2422AFF}.DVD-5|Mixed Platforms.ActiveCfg = Debug|Any CPU
		{69E4B869-FA28-4677-9F9D-7291F2422AFF}.DVD-5|Mixed Platforms.Build.0 = Debug|Any CPU
		{69E4B869-FA28-4677-9F9D-7291F2422AFF}.DVD-5|x64.ActiveCfg = Debug|Any CPU
		{69E4B869-FA28-4677-9F9D-7291F2422AFF}.DVD-5|x64.Build.0 = Debug|Any CPU
		{69E4B869-FA28-4677-9F9D-7291F2422AFF}.DVD-5|x86.ActiveCfg = Debug|Any CPU
		{69E4B869-FA28-4677-9F9D-7291F2422AFF}.DVD-5|x86.Build.0 = Debug|Any CPU
		{69E4B869-FA28-4677-9F9D-7291F2422AFF}.Release|Any CPU.ActiveCfg = Release|Any CPU
		{69E4B869-FA28-4677-9F9D-7291F2422AFF}.Release|Any CPU.Build.0 = Release|Any CPU
		{69E4B869-FA28-4677-9F9D-7291F2422AFF}.Release|ARM.ActiveCfg = Release|Any CPU
		{69E4B869-FA28-4677-9F9D-7291F2422AFF}.Release|ARM.Build.0 = Release|Any CPU
		{69E4B869-FA28-4677-9F9D-7291F2422AFF}.Release|Mixed Platforms.ActiveCfg = Release|Any CPU
		{69E4B869-FA28-4677-9F9D-7291F2422AFF}.Release|Mixed Platforms.Build.0 = Release|Any CPU
		{69E4B869-FA28-4677-9F9D-7291F2422AFF}.Release|x64.ActiveCfg = Release|Any CPU
		{69E4B869-FA28-4677-9F9D-7291F2422AFF}.Release|x64.Build.0 = Release|Any CPU
		{69E4B869-FA28-4677-9F9D-7291F2422AFF}.Release|x86.ActiveCfg = Release|Any CPU
		{69E4B869-FA28-4677-9F9D-7291F2422AFF}.Release|x86.Build.0 = Release|Any CPU
		{69E4B869-FA28-4677-9F9D-7291F2422AFF}.SingleImage|Any CPU.ActiveCfg = Debug|Any CPU
		{69E4B869-FA28-4677-9F9D-7291F2422AFF}.SingleImage|Any CPU.Build.0 = Debug|Any CPU
		{69E4B869-FA28-4677-9F9D-7291F2422AFF}.SingleImage|ARM.ActiveCfg = Debug|Any CPU
		{69E4B869-FA28-4677-9F9D-7291F2422AFF}.SingleImage|ARM.Build.0 = Debug|Any CPU
		{69E4B869-FA28-4677-9F9D-7291F2422AFF}.SingleImage|Mixed Platforms.ActiveCfg = Debug|Any CPU
		{69E4B869-FA28-4677-9F9D-7291F2422AFF}.SingleImage|Mixed Platforms.Build.0 = Debug|Any CPU
		{69E4B869-FA28-4677-9F9D-7291F2422AFF}.SingleImage|x64.ActiveCfg = Debug|Any CPU
		{69E4B869-FA28-4677-9F9D-7291F2422AFF}.SingleImage|x64.Build.0 = Debug|Any CPU
		{69E4B869-FA28-4677-9F9D-7291F2422AFF}.SingleImage|x86.ActiveCfg = Debug|Any CPU
		{69E4B869-FA28-4677-9F9D-7291F2422AFF}.SingleImage|x86.Build.0 = Debug|Any CPU
		{13CAD1C5-1448-4B69-B2C9-DE15AECCE84B}.CD_ROM|Any CPU.ActiveCfg = Release|Any CPU
		{13CAD1C5-1448-4B69-B2C9-DE15AECCE84B}.CD_ROM|Any CPU.Build.0 = Release|Any CPU
		{13CAD1C5-1448-4B69-B2C9-DE15AECCE84B}.CD_ROM|ARM.ActiveCfg = Release|Any CPU
		{13CAD1C5-1448-4B69-B2C9-DE15AECCE84B}.CD_ROM|ARM.Build.0 = Release|Any CPU
		{13CAD1C5-1448-4B69-B2C9-DE15AECCE84B}.CD_ROM|Mixed Platforms.ActiveCfg = Release|Any CPU
		{13CAD1C5-1448-4B69-B2C9-DE15AECCE84B}.CD_ROM|Mixed Platforms.Build.0 = Release|Any CPU
		{13CAD1C5-1448-4B69-B2C9-DE15AECCE84B}.CD_ROM|x64.ActiveCfg = Release|Any CPU
		{13CAD1C5-1448-4B69-B2C9-DE15AECCE84B}.CD_ROM|x64.Build.0 = Release|Any CPU
		{13CAD1C5-1448-4B69-B2C9-DE15AECCE84B}.CD_ROM|x86.ActiveCfg = Release|Any CPU
		{13CAD1C5-1448-4B69-B2C9-DE15AECCE84B}.CD_ROM|x86.Build.0 = Release|Any CPU
		{13CAD1C5-1448-4B69-B2C9-DE15AECCE84B}.Debug|Any CPU.ActiveCfg = Debug|Any CPU
		{13CAD1C5-1448-4B69-B2C9-DE15AECCE84B}.Debug|Any CPU.Build.0 = Debug|Any CPU
		{13CAD1C5-1448-4B69-B2C9-DE15AECCE84B}.Debug|ARM.ActiveCfg = Debug|Any CPU
		{13CAD1C5-1448-4B69-B2C9-DE15AECCE84B}.Debug|ARM.Build.0 = Debug|Any CPU
		{13CAD1C5-1448-4B69-B2C9-DE15AECCE84B}.Debug|Mixed Platforms.ActiveCfg = Debug|Any CPU
		{13CAD1C5-1448-4B69-B2C9-DE15AECCE84B}.Debug|Mixed Platforms.Build.0 = Debug|Any CPU
		{13CAD1C5-1448-4B69-B2C9-DE15AECCE84B}.Debug|x64.ActiveCfg = Debug|Any CPU
		{13CAD1C5-1448-4B69-B2C9-DE15AECCE84B}.Debug|x64.Build.0 = Debug|Any CPU
		{13CAD1C5-1448-4B69-B2C9-DE15AECCE84B}.Debug|x86.ActiveCfg = Debug|Any CPU
		{13CAD1C5-1448-4B69-B2C9-DE15AECCE84B}.Debug|x86.Build.0 = Debug|Any CPU
		{13CAD1C5-1448-4B69-B2C9-DE15AECCE84B}.DVD-5|Any CPU.ActiveCfg = Release|Any CPU
		{13CAD1C5-1448-4B69-B2C9-DE15AECCE84B}.DVD-5|Any CPU.Build.0 = Release|Any CPU
		{13CAD1C5-1448-4B69-B2C9-DE15AECCE84B}.DVD-5|ARM.ActiveCfg = Release|Any CPU
		{13CAD1C5-1448-4B69-B2C9-DE15AECCE84B}.DVD-5|ARM.Build.0 = Release|Any CPU
		{13CAD1C5-1448-4B69-B2C9-DE15AECCE84B}.DVD-5|Mixed Platforms.ActiveCfg = Release|Any CPU
		{13CAD1C5-1448-4B69-B2C9-DE15AECCE84B}.DVD-5|Mixed Platforms.Build.0 = Release|Any CPU
		{13CAD1C5-1448-4B69-B2C9-DE15AECCE84B}.DVD-5|x64.ActiveCfg = Release|Any CPU
		{13CAD1C5-1448-4B69-B2C9-DE15AECCE84B}.DVD-5|x64.Build.0 = Release|Any CPU
		{13CAD1C5-1448-4B69-B2C9-DE15AECCE84B}.DVD-5|x86.ActiveCfg = Release|Any CPU
		{13CAD1C5-1448-4B69-B2C9-DE15AECCE84B}.DVD-5|x86.Build.0 = Release|Any CPU
		{13CAD1C5-1448-4B69-B2C9-DE15AECCE84B}.Release|Any CPU.ActiveCfg = Release|Any CPU
		{13CAD1C5-1448-4B69-B2C9-DE15AECCE84B}.Release|Any CPU.Build.0 = Release|Any CPU
		{13CAD1C5-1448-4B69-B2C9-DE15AECCE84B}.Release|ARM.ActiveCfg = Release|Any CPU
		{13CAD1C5-1448-4B69-B2C9-DE15AECCE84B}.Release|ARM.Build.0 = Release|Any CPU
		{13CAD1C5-1448-4B69-B2C9-DE15AECCE84B}.Release|Mixed Platforms.ActiveCfg = Release|Any CPU
		{13CAD1C5-1448-4B69-B2C9-DE15AECCE84B}.Release|Mixed Platforms.Build.0 = Release|Any CPU
		{13CAD1C5-1448-4B69-B2C9-DE15AECCE84B}.Release|x64.ActiveCfg = Release|Any CPU
		{13CAD1C5-1448-4B69-B2C9-DE15AECCE84B}.Release|x64.Build.0 = Release|Any CPU
		{13CAD1C5-1448-4B69-B2C9-DE15AECCE84B}.Release|x86.ActiveCfg = Release|Any CPU
		{13CAD1C5-1448-4B69-B2C9-DE15AECCE84B}.Release|x86.Build.0 = Release|Any CPU
		{13CAD1C5-1448-4B69-B2C9-DE15AECCE84B}.SingleImage|Any CPU.ActiveCfg = Release|Any CPU
		{13CAD1C5-1448-4B69-B2C9-DE15AECCE84B}.SingleImage|Any CPU.Build.0 = Release|Any CPU
		{13CAD1C5-1448-4B69-B2C9-DE15AECCE84B}.SingleImage|ARM.ActiveCfg = Release|Any CPU
		{13CAD1C5-1448-4B69-B2C9-DE15AECCE84B}.SingleImage|ARM.Build.0 = Release|Any CPU
		{13CAD1C5-1448-4B69-B2C9-DE15AECCE84B}.SingleImage|Mixed Platforms.ActiveCfg = Release|Any CPU
		{13CAD1C5-1448-4B69-B2C9-DE15AECCE84B}.SingleImage|Mixed Platforms.Build.0 = Release|Any CPU
		{13CAD1C5-1448-4B69-B2C9-DE15AECCE84B}.SingleImage|x64.ActiveCfg = Release|Any CPU
		{13CAD1C5-1448-4B69-B2C9-DE15AECCE84B}.SingleImage|x64.Build.0 = Release|Any CPU
		{13CAD1C5-1448-4B69-B2C9-DE15AECCE84B}.SingleImage|x86.ActiveCfg = Release|Any CPU
		{13CAD1C5-1448-4B69-B2C9-DE15AECCE84B}.SingleImage|x86.Build.0 = Release|Any CPU
		{BFFDEEFA-CCDC-4DC2-8AF5-D6509D2F7619}.CD_ROM|Any CPU.ActiveCfg = Release|Any CPU
		{BFFDEEFA-CCDC-4DC2-8AF5-D6509D2F7619}.CD_ROM|Any CPU.Build.0 = Release|Any CPU
		{BFFDEEFA-CCDC-4DC2-8AF5-D6509D2F7619}.CD_ROM|ARM.ActiveCfg = Release|Any CPU
		{BFFDEEFA-CCDC-4DC2-8AF5-D6509D2F7619}.CD_ROM|ARM.Build.0 = Release|Any CPU
		{BFFDEEFA-CCDC-4DC2-8AF5-D6509D2F7619}.CD_ROM|Mixed Platforms.ActiveCfg = Release|Any CPU
		{BFFDEEFA-CCDC-4DC2-8AF5-D6509D2F7619}.CD_ROM|Mixed Platforms.Build.0 = Release|Any CPU
		{BFFDEEFA-CCDC-4DC2-8AF5-D6509D2F7619}.CD_ROM|x64.ActiveCfg = Release|Any CPU
		{BFFDEEFA-CCDC-4DC2-8AF5-D6509D2F7619}.CD_ROM|x64.Build.0 = Release|Any CPU
		{BFFDEEFA-CCDC-4DC2-8AF5-D6509D2F7619}.CD_ROM|x86.ActiveCfg = Release|Any CPU
		{BFFDEEFA-CCDC-4DC2-8AF5-D6509D2F7619}.CD_ROM|x86.Build.0 = Release|Any CPU
		{BFFDEEFA-CCDC-4DC2-8AF5-D6509D2F7619}.Debug|Any CPU.ActiveCfg = Debug|Any CPU
		{BFFDEEFA-CCDC-4DC2-8AF5-D6509D2F7619}.Debug|Any CPU.Build.0 = Debug|Any CPU
		{BFFDEEFA-CCDC-4DC2-8AF5-D6509D2F7619}.Debug|ARM.ActiveCfg = Debug|Any CPU
		{BFFDEEFA-CCDC-4DC2-8AF5-D6509D2F7619}.Debug|ARM.Build.0 = Debug|Any CPU
		{BFFDEEFA-CCDC-4DC2-8AF5-D6509D2F7619}.Debug|Mixed Platforms.ActiveCfg = Debug|Any CPU
		{BFFDEEFA-CCDC-4DC2-8AF5-D6509D2F7619}.Debug|Mixed Platforms.Build.0 = Debug|Any CPU
		{BFFDEEFA-CCDC-4DC2-8AF5-D6509D2F7619}.Debug|x64.ActiveCfg = Debug|Any CPU
		{BFFDEEFA-CCDC-4DC2-8AF5-D6509D2F7619}.Debug|x64.Build.0 = Debug|Any CPU
		{BFFDEEFA-CCDC-4DC2-8AF5-D6509D2F7619}.Debug|x86.ActiveCfg = Debug|Any CPU
		{BFFDEEFA-CCDC-4DC2-8AF5-D6509D2F7619}.Debug|x86.Build.0 = Debug|Any CPU
		{BFFDEEFA-CCDC-4DC2-8AF5-D6509D2F7619}.DVD-5|Any CPU.ActiveCfg = Release|Any CPU
		{BFFDEEFA-CCDC-4DC2-8AF5-D6509D2F7619}.DVD-5|Any CPU.Build.0 = Release|Any CPU
		{BFFDEEFA-CCDC-4DC2-8AF5-D6509D2F7619}.DVD-5|ARM.ActiveCfg = Release|Any CPU
		{BFFDEEFA-CCDC-4DC2-8AF5-D6509D2F7619}.DVD-5|ARM.Build.0 = Release|Any CPU
		{BFFDEEFA-CCDC-4DC2-8AF5-D6509D2F7619}.DVD-5|Mixed Platforms.ActiveCfg = Release|Any CPU
		{BFFDEEFA-CCDC-4DC2-8AF5-D6509D2F7619}.DVD-5|Mixed Platforms.Build.0 = Release|Any CPU
		{BFFDEEFA-CCDC-4DC2-8AF5-D6509D2F7619}.DVD-5|x64.ActiveCfg = Release|Any CPU
		{BFFDEEFA-CCDC-4DC2-8AF5-D6509D2F7619}.DVD-5|x64.Build.0 = Release|Any CPU
		{BFFDEEFA-CCDC-4DC2-8AF5-D6509D2F7619}.DVD-5|x86.ActiveCfg = Release|Any CPU
		{BFFDEEFA-CCDC-4DC2-8AF5-D6509D2F7619}.DVD-5|x86.Build.0 = Release|Any CPU
		{BFFDEEFA-CCDC-4DC2-8AF5-D6509D2F7619}.Release|Any CPU.ActiveCfg = Release|Any CPU
		{BFFDEEFA-CCDC-4DC2-8AF5-D6509D2F7619}.Release|Any CPU.Build.0 = Release|Any CPU
		{BFFDEEFA-CCDC-4DC2-8AF5-D6509D2F7619}.Release|ARM.ActiveCfg = Release|Any CPU
		{BFFDEEFA-CCDC-4DC2-8AF5-D6509D2F7619}.Release|ARM.Build.0 = Release|Any CPU
		{BFFDEEFA-CCDC-4DC2-8AF5-D6509D2F7619}.Release|Mixed Platforms.ActiveCfg = Release|Any CPU
		{BFFDEEFA-CCDC-4DC2-8AF5-D6509D2F7619}.Release|Mixed Platforms.Build.0 = Release|Any CPU
		{BFFDEEFA-CCDC-4DC2-8AF5-D6509D2F7619}.Release|x64.ActiveCfg = Release|Any CPU
		{BFFDEEFA-CCDC-4DC2-8AF5-D6509D2F7619}.Release|x64.Build.0 = Release|Any CPU
		{BFFDEEFA-CCDC-4DC2-8AF5-D6509D2F7619}.Release|x86.ActiveCfg = Release|Any CPU
		{BFFDEEFA-CCDC-4DC2-8AF5-D6509D2F7619}.Release|x86.Build.0 = Release|Any CPU
		{BFFDEEFA-CCDC-4DC2-8AF5-D6509D2F7619}.SingleImage|Any CPU.ActiveCfg = Release|Any CPU
		{BFFDEEFA-CCDC-4DC2-8AF5-D6509D2F7619}.SingleImage|Any CPU.Build.0 = Release|Any CPU
		{BFFDEEFA-CCDC-4DC2-8AF5-D6509D2F7619}.SingleImage|ARM.ActiveCfg = Release|Any CPU
		{BFFDEEFA-CCDC-4DC2-8AF5-D6509D2F7619}.SingleImage|ARM.Build.0 = Release|Any CPU
		{BFFDEEFA-CCDC-4DC2-8AF5-D6509D2F7619}.SingleImage|Mixed Platforms.ActiveCfg = Release|Any CPU
		{BFFDEEFA-CCDC-4DC2-8AF5-D6509D2F7619}.SingleImage|Mixed Platforms.Build.0 = Release|Any CPU
		{BFFDEEFA-CCDC-4DC2-8AF5-D6509D2F7619}.SingleImage|x64.ActiveCfg = Release|Any CPU
		{BFFDEEFA-CCDC-4DC2-8AF5-D6509D2F7619}.SingleImage|x64.Build.0 = Release|Any CPU
		{BFFDEEFA-CCDC-4DC2-8AF5-D6509D2F7619}.SingleImage|x86.ActiveCfg = Release|Any CPU
		{BFFDEEFA-CCDC-4DC2-8AF5-D6509D2F7619}.SingleImage|x86.Build.0 = Release|Any CPU
		{E49D2215-4D00-4340-B7D3-CCD85D49E60D}.CD_ROM|Any CPU.ActiveCfg = Release|Any CPU
		{E49D2215-4D00-4340-B7D3-CCD85D49E60D}.CD_ROM|Any CPU.Build.0 = Release|Any CPU
		{E49D2215-4D00-4340-B7D3-CCD85D49E60D}.CD_ROM|ARM.ActiveCfg = Release|Any CPU
		{E49D2215-4D00-4340-B7D3-CCD85D49E60D}.CD_ROM|ARM.Build.0 = Release|Any CPU
		{E49D2215-4D00-4340-B7D3-CCD85D49E60D}.CD_ROM|Mixed Platforms.ActiveCfg = Release|Any CPU
		{E49D2215-4D00-4340-B7D3-CCD85D49E60D}.CD_ROM|Mixed Platforms.Build.0 = Release|Any CPU
		{E49D2215-4D00-4340-B7D3-CCD85D49E60D}.CD_ROM|x64.ActiveCfg = Release|Any CPU
		{E49D2215-4D00-4340-B7D3-CCD85D49E60D}.CD_ROM|x64.Build.0 = Release|Any CPU
		{E49D2215-4D00-4340-B7D3-CCD85D49E60D}.CD_ROM|x86.ActiveCfg = Release|Any CPU
		{E49D2215-4D00-4340-B7D3-CCD85D49E60D}.CD_ROM|x86.Build.0 = Release|Any CPU
		{E49D2215-4D00-4340-B7D3-CCD85D49E60D}.Debug|Any CPU.ActiveCfg = Debug|Any CPU
		{E49D2215-4D00-4340-B7D3-CCD85D49E60D}.Debug|Any CPU.Build.0 = Debug|Any CPU
		{E49D2215-4D00-4340-B7D3-CCD85D49E60D}.Debug|ARM.ActiveCfg = Debug|Any CPU
		{E49D2215-4D00-4340-B7D3-CCD85D49E60D}.Debug|ARM.Build.0 = Debug|Any CPU
		{E49D2215-4D00-4340-B7D3-CCD85D49E60D}.Debug|Mixed Platforms.ActiveCfg = Debug|Any CPU
		{E49D2215-4D00-4340-B7D3-CCD85D49E60D}.Debug|Mixed Platforms.Build.0 = Debug|Any CPU
		{E49D2215-4D00-4340-B7D3-CCD85D49E60D}.Debug|x64.ActiveCfg = Debug|Any CPU
		{E49D2215-4D00-4340-B7D3-CCD85D49E60D}.Debug|x64.Build.0 = Debug|Any CPU
		{E49D2215-4D00-4340-B7D3-CCD85D49E60D}.Debug|x86.ActiveCfg = Debug|Any CPU
		{E49D2215-4D00-4340-B7D3-CCD85D49E60D}.Debug|x86.Build.0 = Debug|Any CPU
		{E49D2215-4D00-4340-B7D3-CCD85D49E60D}.DVD-5|Any CPU.ActiveCfg = Release|Any CPU
		{E49D2215-4D00-4340-B7D3-CCD85D49E60D}.DVD-5|Any CPU.Build.0 = Release|Any CPU
		{E49D2215-4D00-4340-B7D3-CCD85D49E60D}.DVD-5|ARM.ActiveCfg = Release|Any CPU
		{E49D2215-4D00-4340-B7D3-CCD85D49E60D}.DVD-5|ARM.Build.0 = Release|Any CPU
		{E49D2215-4D00-4340-B7D3-CCD85D49E60D}.DVD-5|Mixed Platforms.ActiveCfg = Release|Any CPU
		{E49D2215-4D00-4340-B7D3-CCD85D49E60D}.DVD-5|Mixed Platforms.Build.0 = Release|Any CPU
		{E49D2215-4D00-4340-B7D3-CCD85D49E60D}.DVD-5|x64.ActiveCfg = Release|Any CPU
		{E49D2215-4D00-4340-B7D3-CCD85D49E60D}.DVD-5|x64.Build.0 = Release|Any CPU
		{E49D2215-4D00-4340-B7D3-CCD85D49E60D}.DVD-5|x86.ActiveCfg = Release|Any CPU
		{E49D2215-4D00-4340-B7D3-CCD85D49E60D}.DVD-5|x86.Build.0 = Release|Any CPU
		{E49D2215-4D00-4340-B7D3-CCD85D49E60D}.Release|Any CPU.ActiveCfg = Release|Any CPU
		{E49D2215-4D00-4340-B7D3-CCD85D49E60D}.Release|Any CPU.Build.0 = Release|Any CPU
		{E49D2215-4D00-4340-B7D3-CCD85D49E60D}.Release|ARM.ActiveCfg = Release|Any CPU
		{E49D2215-4D00-4340-B7D3-CCD85D49E60D}.Release|ARM.Build.0 = Release|Any CPU
		{E49D2215-4D00-4340-B7D3-CCD85D49E60D}.Release|Mixed Platforms.ActiveCfg = Release|Any CPU
		{E49D2215-4D00-4340-B7D3-CCD85D49E60D}.Release|Mixed Platforms.Build.0 = Release|Any CPU
		{E49D2215-4D00-4340-B7D3-CCD85D49E60D}.Release|x64.ActiveCfg = Release|Any CPU
		{E49D2215-4D00-4340-B7D3-CCD85D49E60D}.Release|x64.Build.0 = Release|Any CPU
		{E49D2215-4D00-4340-B7D3-CCD85D49E60D}.Release|x86.ActiveCfg = Release|Any CPU
		{E49D2215-4D00-4340-B7D3-CCD85D49E60D}.Release|x86.Build.0 = Release|Any CPU
		{E49D2215-4D00-4340-B7D3-CCD85D49E60D}.SingleImage|Any CPU.ActiveCfg = Release|Any CPU
		{E49D2215-4D00-4340-B7D3-CCD85D49E60D}.SingleImage|Any CPU.Build.0 = Release|Any CPU
		{E49D2215-4D00-4340-B7D3-CCD85D49E60D}.SingleImage|ARM.ActiveCfg = Release|Any CPU
		{E49D2215-4D00-4340-B7D3-CCD85D49E60D}.SingleImage|ARM.Build.0 = Release|Any CPU
		{E49D2215-4D00-4340-B7D3-CCD85D49E60D}.SingleImage|Mixed Platforms.ActiveCfg = Release|Any CPU
		{E49D2215-4D00-4340-B7D3-CCD85D49E60D}.SingleImage|Mixed Platforms.Build.0 = Release|Any CPU
		{E49D2215-4D00-4340-B7D3-CCD85D49E60D}.SingleImage|x64.ActiveCfg = Release|Any CPU
		{E49D2215-4D00-4340-B7D3-CCD85D49E60D}.SingleImage|x64.Build.0 = Release|Any CPU
		{E49D2215-4D00-4340-B7D3-CCD85D49E60D}.SingleImage|x86.ActiveCfg = Release|Any CPU
		{E49D2215-4D00-4340-B7D3-CCD85D49E60D}.SingleImage|x86.Build.0 = Release|Any CPU
		{59B4A58E-2848-47EC-8A07-267774C2814F}.CD_ROM|Any CPU.ActiveCfg = Release|Any CPU
		{59B4A58E-2848-47EC-8A07-267774C2814F}.CD_ROM|Any CPU.Build.0 = Release|Any CPU
		{59B4A58E-2848-47EC-8A07-267774C2814F}.CD_ROM|ARM.ActiveCfg = Release|Any CPU
		{59B4A58E-2848-47EC-8A07-267774C2814F}.CD_ROM|ARM.Build.0 = Release|Any CPU
		{59B4A58E-2848-47EC-8A07-267774C2814F}.CD_ROM|Mixed Platforms.ActiveCfg = Release|Any CPU
		{59B4A58E-2848-47EC-8A07-267774C2814F}.CD_ROM|Mixed Platforms.Build.0 = Release|Any CPU
		{59B4A58E-2848-47EC-8A07-267774C2814F}.CD_ROM|x64.ActiveCfg = Release|Any CPU
		{59B4A58E-2848-47EC-8A07-267774C2814F}.CD_ROM|x64.Build.0 = Release|Any CPU
		{59B4A58E-2848-47EC-8A07-267774C2814F}.CD_ROM|x86.ActiveCfg = Release|Any CPU
		{59B4A58E-2848-47EC-8A07-267774C2814F}.CD_ROM|x86.Build.0 = Release|Any CPU
		{59B4A58E-2848-47EC-8A07-267774C2814F}.Debug|Any CPU.ActiveCfg = Debug|Any CPU
		{59B4A58E-2848-47EC-8A07-267774C2814F}.Debug|Any CPU.Build.0 = Debug|Any CPU
		{59B4A58E-2848-47EC-8A07-267774C2814F}.Debug|ARM.ActiveCfg = Debug|Any CPU
		{59B4A58E-2848-47EC-8A07-267774C2814F}.Debug|ARM.Build.0 = Debug|Any CPU
		{59B4A58E-2848-47EC-8A07-267774C2814F}.Debug|Mixed Platforms.ActiveCfg = Debug|Any CPU
		{59B4A58E-2848-47EC-8A07-267774C2814F}.Debug|Mixed Platforms.Build.0 = Debug|Any CPU
		{59B4A58E-2848-47EC-8A07-267774C2814F}.Debug|x64.ActiveCfg = Debug|Any CPU
		{59B4A58E-2848-47EC-8A07-267774C2814F}.Debug|x64.Build.0 = Debug|Any CPU
		{59B4A58E-2848-47EC-8A07-267774C2814F}.Debug|x86.ActiveCfg = Debug|Any CPU
		{59B4A58E-2848-47EC-8A07-267774C2814F}.Debug|x86.Build.0 = Debug|Any CPU
		{59B4A58E-2848-47EC-8A07-267774C2814F}.DVD-5|Any CPU.ActiveCfg = Release|Any CPU
		{59B4A58E-2848-47EC-8A07-267774C2814F}.DVD-5|Any CPU.Build.0 = Release|Any CPU
		{59B4A58E-2848-47EC-8A07-267774C2814F}.DVD-5|ARM.ActiveCfg = Release|Any CPU
		{59B4A58E-2848-47EC-8A07-267774C2814F}.DVD-5|ARM.Build.0 = Release|Any CPU
		{59B4A58E-2848-47EC-8A07-267774C2814F}.DVD-5|Mixed Platforms.ActiveCfg = Release|Any CPU
		{59B4A58E-2848-47EC-8A07-267774C2814F}.DVD-5|Mixed Platforms.Build.0 = Release|Any CPU
		{59B4A58E-2848-47EC-8A07-267774C2814F}.DVD-5|x64.ActiveCfg = Release|Any CPU
		{59B4A58E-2848-47EC-8A07-267774C2814F}.DVD-5|x64.Build.0 = Release|Any CPU
		{59B4A58E-2848-47EC-8A07-267774C2814F}.DVD-5|x86.ActiveCfg = Release|Any CPU
		{59B4A58E-2848-47EC-8A07-267774C2814F}.DVD-5|x86.Build.0 = Release|Any CPU
		{59B4A58E-2848-47EC-8A07-267774C2814F}.Release|Any CPU.ActiveCfg = Release|Any CPU
		{59B4A58E-2848-47EC-8A07-267774C2814F}.Release|Any CPU.Build.0 = Release|Any CPU
		{59B4A58E-2848-47EC-8A07-267774C2814F}.Release|ARM.ActiveCfg = Release|Any CPU
		{59B4A58E-2848-47EC-8A07-267774C2814F}.Release|ARM.Build.0 = Release|Any CPU
		{59B4A58E-2848-47EC-8A07-267774C2814F}.Release|Mixed Platforms.ActiveCfg = Release|Any CPU
		{59B4A58E-2848-47EC-8A07-267774C2814F}.Release|x64.ActiveCfg = Release|Any CPU
		{59B4A58E-2848-47EC-8A07-267774C2814F}.Release|x64.Build.0 = Release|Any CPU
		{59B4A58E-2848-47EC-8A07-267774C2814F}.Release|x86.ActiveCfg = Release|Any CPU
		{59B4A58E-2848-47EC-8A07-267774C2814F}.Release|x86.Build.0 = Release|Any CPU
		{59B4A58E-2848-47EC-8A07-267774C2814F}.SingleImage|Any CPU.ActiveCfg = Release|Any CPU
		{59B4A58E-2848-47EC-8A07-267774C2814F}.SingleImage|Any CPU.Build.0 = Release|Any CPU
		{59B4A58E-2848-47EC-8A07-267774C2814F}.SingleImage|ARM.ActiveCfg = Release|Any CPU
		{59B4A58E-2848-47EC-8A07-267774C2814F}.SingleImage|ARM.Build.0 = Release|Any CPU
		{59B4A58E-2848-47EC-8A07-267774C2814F}.SingleImage|Mixed Platforms.ActiveCfg = Release|Any CPU
		{59B4A58E-2848-47EC-8A07-267774C2814F}.SingleImage|Mixed Platforms.Build.0 = Release|Any CPU
		{59B4A58E-2848-47EC-8A07-267774C2814F}.SingleImage|x64.ActiveCfg = Release|Any CPU
		{59B4A58E-2848-47EC-8A07-267774C2814F}.SingleImage|x64.Build.0 = Release|Any CPU
		{59B4A58E-2848-47EC-8A07-267774C2814F}.SingleImage|x86.ActiveCfg = Release|Any CPU
		{59B4A58E-2848-47EC-8A07-267774C2814F}.SingleImage|x86.Build.0 = Release|Any CPU
		{05BEC9E8-4B69-4AA8-B18B-880E7C4D614D}.CD_ROM|Any CPU.ActiveCfg = Release|Any CPU
		{05BEC9E8-4B69-4AA8-B18B-880E7C4D614D}.CD_ROM|Any CPU.Build.0 = Release|Any CPU
		{05BEC9E8-4B69-4AA8-B18B-880E7C4D614D}.CD_ROM|ARM.ActiveCfg = Release|Any CPU
		{05BEC9E8-4B69-4AA8-B18B-880E7C4D614D}.CD_ROM|ARM.Build.0 = Release|Any CPU
		{05BEC9E8-4B69-4AA8-B18B-880E7C4D614D}.CD_ROM|Mixed Platforms.ActiveCfg = Release|Any CPU
		{05BEC9E8-4B69-4AA8-B18B-880E7C4D614D}.CD_ROM|Mixed Platforms.Build.0 = Release|Any CPU
		{05BEC9E8-4B69-4AA8-B18B-880E7C4D614D}.CD_ROM|x64.ActiveCfg = Release|Any CPU
		{05BEC9E8-4B69-4AA8-B18B-880E7C4D614D}.CD_ROM|x64.Build.0 = Release|Any CPU
		{05BEC9E8-4B69-4AA8-B18B-880E7C4D614D}.CD_ROM|x86.ActiveCfg = Release|Any CPU
		{05BEC9E8-4B69-4AA8-B18B-880E7C4D614D}.CD_ROM|x86.Build.0 = Release|Any CPU
		{05BEC9E8-4B69-4AA8-B18B-880E7C4D614D}.Debug|Any CPU.ActiveCfg = Debug|Any CPU
		{05BEC9E8-4B69-4AA8-B18B-880E7C4D614D}.Debug|Any CPU.Build.0 = Debug|Any CPU
		{05BEC9E8-4B69-4AA8-B18B-880E7C4D614D}.Debug|ARM.ActiveCfg = Debug|Any CPU
		{05BEC9E8-4B69-4AA8-B18B-880E7C4D614D}.Debug|ARM.Build.0 = Debug|Any CPU
		{05BEC9E8-4B69-4AA8-B18B-880E7C4D614D}.Debug|Mixed Platforms.ActiveCfg = Debug|Any CPU
		{05BEC9E8-4B69-4AA8-B18B-880E7C4D614D}.Debug|Mixed Platforms.Build.0 = Debug|Any CPU
		{05BEC9E8-4B69-4AA8-B18B-880E7C4D614D}.Debug|x64.ActiveCfg = Debug|Any CPU
		{05BEC9E8-4B69-4AA8-B18B-880E7C4D614D}.Debug|x64.Build.0 = Debug|Any CPU
		{05BEC9E8-4B69-4AA8-B18B-880E7C4D614D}.Debug|x86.ActiveCfg = Debug|Any CPU
		{05BEC9E8-4B69-4AA8-B18B-880E7C4D614D}.Debug|x86.Build.0 = Debug|Any CPU
		{05BEC9E8-4B69-4AA8-B18B-880E7C4D614D}.DVD-5|Any CPU.ActiveCfg = Release|Any CPU
		{05BEC9E8-4B69-4AA8-B18B-880E7C4D614D}.DVD-5|Any CPU.Build.0 = Release|Any CPU
		{05BEC9E8-4B69-4AA8-B18B-880E7C4D614D}.DVD-5|ARM.ActiveCfg = Release|Any CPU
		{05BEC9E8-4B69-4AA8-B18B-880E7C4D614D}.DVD-5|ARM.Build.0 = Release|Any CPU
		{05BEC9E8-4B69-4AA8-B18B-880E7C4D614D}.DVD-5|Mixed Platforms.ActiveCfg = Release|Any CPU
		{05BEC9E8-4B69-4AA8-B18B-880E7C4D614D}.DVD-5|Mixed Platforms.Build.0 = Release|Any CPU
		{05BEC9E8-4B69-4AA8-B18B-880E7C4D614D}.DVD-5|x64.ActiveCfg = Release|Any CPU
		{05BEC9E8-4B69-4AA8-B18B-880E7C4D614D}.DVD-5|x64.Build.0 = Release|Any CPU
		{05BEC9E8-4B69-4AA8-B18B-880E7C4D614D}.DVD-5|x86.ActiveCfg = Release|Any CPU
		{05BEC9E8-4B69-4AA8-B18B-880E7C4D614D}.DVD-5|x86.Build.0 = Release|Any CPU
		{05BEC9E8-4B69-4AA8-B18B-880E7C4D614D}.Release|Any CPU.ActiveCfg = Release|Any CPU
		{05BEC9E8-4B69-4AA8-B18B-880E7C4D614D}.Release|Any CPU.Build.0 = Release|Any CPU
		{05BEC9E8-4B69-4AA8-B18B-880E7C4D614D}.Release|ARM.ActiveCfg = Release|Any CPU
		{05BEC9E8-4B69-4AA8-B18B-880E7C4D614D}.Release|ARM.Build.0 = Release|Any CPU
		{05BEC9E8-4B69-4AA8-B18B-880E7C4D614D}.Release|Mixed Platforms.ActiveCfg = Release|Any CPU
		{05BEC9E8-4B69-4AA8-B18B-880E7C4D614D}.Release|x64.ActiveCfg = Release|Any CPU
		{05BEC9E8-4B69-4AA8-B18B-880E7C4D614D}.Release|x64.Build.0 = Release|Any CPU
		{05BEC9E8-4B69-4AA8-B18B-880E7C4D614D}.Release|x86.ActiveCfg = Release|Any CPU
		{05BEC9E8-4B69-4AA8-B18B-880E7C4D614D}.Release|x86.Build.0 = Release|Any CPU
		{05BEC9E8-4B69-4AA8-B18B-880E7C4D614D}.SingleImage|Any CPU.ActiveCfg = Release|Any CPU
		{05BEC9E8-4B69-4AA8-B18B-880E7C4D614D}.SingleImage|Any CPU.Build.0 = Release|Any CPU
		{05BEC9E8-4B69-4AA8-B18B-880E7C4D614D}.SingleImage|ARM.ActiveCfg = Release|Any CPU
		{05BEC9E8-4B69-4AA8-B18B-880E7C4D614D}.SingleImage|ARM.Build.0 = Release|Any CPU
		{05BEC9E8-4B69-4AA8-B18B-880E7C4D614D}.SingleImage|Mixed Platforms.ActiveCfg = Release|Any CPU
		{05BEC9E8-4B69-4AA8-B18B-880E7C4D614D}.SingleImage|Mixed Platforms.Build.0 = Release|Any CPU
		{05BEC9E8-4B69-4AA8-B18B-880E7C4D614D}.SingleImage|x64.ActiveCfg = Release|Any CPU
		{05BEC9E8-4B69-4AA8-B18B-880E7C4D614D}.SingleImage|x64.Build.0 = Release|Any CPU
		{05BEC9E8-4B69-4AA8-B18B-880E7C4D614D}.SingleImage|x86.ActiveCfg = Release|Any CPU
		{05BEC9E8-4B69-4AA8-B18B-880E7C4D614D}.SingleImage|x86.Build.0 = Release|Any CPU
		{8042CF3D-D061-46C0-903F-B9F44C6351D5}.CD_ROM|Any CPU.ActiveCfg = Release|Any CPU
		{8042CF3D-D061-46C0-903F-B9F44C6351D5}.CD_ROM|Any CPU.Build.0 = Release|Any CPU
		{8042CF3D-D061-46C0-903F-B9F44C6351D5}.CD_ROM|ARM.ActiveCfg = Release|Any CPU
		{8042CF3D-D061-46C0-903F-B9F44C6351D5}.CD_ROM|ARM.Build.0 = Release|Any CPU
		{8042CF3D-D061-46C0-903F-B9F44C6351D5}.CD_ROM|Mixed Platforms.ActiveCfg = Release|Any CPU
		{8042CF3D-D061-46C0-903F-B9F44C6351D5}.CD_ROM|Mixed Platforms.Build.0 = Release|Any CPU
		{8042CF3D-D061-46C0-903F-B9F44C6351D5}.CD_ROM|x64.ActiveCfg = Release|Any CPU
		{8042CF3D-D061-46C0-903F-B9F44C6351D5}.CD_ROM|x64.Build.0 = Release|Any CPU
		{8042CF3D-D061-46C0-903F-B9F44C6351D5}.CD_ROM|x86.ActiveCfg = Release|Any CPU
		{8042CF3D-D061-46C0-903F-B9F44C6351D5}.CD_ROM|x86.Build.0 = Release|Any CPU
		{8042CF3D-D061-46C0-903F-B9F44C6351D5}.Debug|Any CPU.ActiveCfg = Debug|Any CPU
		{8042CF3D-D061-46C0-903F-B9F44C6351D5}.Debug|Any CPU.Build.0 = Debug|Any CPU
		{8042CF3D-D061-46C0-903F-B9F44C6351D5}.Debug|ARM.ActiveCfg = Debug|Any CPU
		{8042CF3D-D061-46C0-903F-B9F44C6351D5}.Debug|ARM.Build.0 = Debug|Any CPU
		{8042CF3D-D061-46C0-903F-B9F44C6351D5}.Debug|Mixed Platforms.ActiveCfg = Debug|Any CPU
		{8042CF3D-D061-46C0-903F-B9F44C6351D5}.Debug|Mixed Platforms.Build.0 = Debug|Any CPU
		{8042CF3D-D061-46C0-903F-B9F44C6351D5}.Debug|x64.ActiveCfg = Debug|Any CPU
		{8042CF3D-D061-46C0-903F-B9F44C6351D5}.Debug|x64.Build.0 = Debug|Any CPU
		{8042CF3D-D061-46C0-903F-B9F44C6351D5}.Debug|x86.ActiveCfg = Debug|Any CPU
		{8042CF3D-D061-46C0-903F-B9F44C6351D5}.Debug|x86.Build.0 = Debug|Any CPU
		{8042CF3D-D061-46C0-903F-B9F44C6351D5}.DVD-5|Any CPU.ActiveCfg = Release|Any CPU
		{8042CF3D-D061-46C0-903F-B9F44C6351D5}.DVD-5|Any CPU.Build.0 = Release|Any CPU
		{8042CF3D-D061-46C0-903F-B9F44C6351D5}.DVD-5|ARM.ActiveCfg = Release|Any CPU
		{8042CF3D-D061-46C0-903F-B9F44C6351D5}.DVD-5|ARM.Build.0 = Release|Any CPU
		{8042CF3D-D061-46C0-903F-B9F44C6351D5}.DVD-5|Mixed Platforms.ActiveCfg = Release|Any CPU
		{8042CF3D-D061-46C0-903F-B9F44C6351D5}.DVD-5|Mixed Platforms.Build.0 = Release|Any CPU
		{8042CF3D-D061-46C0-903F-B9F44C6351D5}.DVD-5|x64.ActiveCfg = Release|Any CPU
		{8042CF3D-D061-46C0-903F-B9F44C6351D5}.DVD-5|x64.Build.0 = Release|Any CPU
		{8042CF3D-D061-46C0-903F-B9F44C6351D5}.DVD-5|x86.ActiveCfg = Release|Any CPU
		{8042CF3D-D061-46C0-903F-B9F44C6351D5}.DVD-5|x86.Build.0 = Release|Any CPU
		{8042CF3D-D061-46C0-903F-B9F44C6351D5}.Release|Any CPU.ActiveCfg = Release|Any CPU
		{8042CF3D-D061-46C0-903F-B9F44C6351D5}.Release|Any CPU.Build.0 = Release|Any CPU
		{8042CF3D-D061-46C0-903F-B9F44C6351D5}.Release|ARM.ActiveCfg = Release|Any CPU
		{8042CF3D-D061-46C0-903F-B9F44C6351D5}.Release|ARM.Build.0 = Release|Any CPU
		{8042CF3D-D061-46C0-903F-B9F44C6351D5}.Release|Mixed Platforms.ActiveCfg = Release|Any CPU
		{8042CF3D-D061-46C0-903F-B9F44C6351D5}.Release|Mixed Platforms.Build.0 = Release|Any CPU
		{8042CF3D-D061-46C0-903F-B9F44C6351D5}.Release|x64.ActiveCfg = Release|Any CPU
		{8042CF3D-D061-46C0-903F-B9F44C6351D5}.Release|x64.Build.0 = Release|Any CPU
		{8042CF3D-D061-46C0-903F-B9F44C6351D5}.Release|x86.ActiveCfg = Release|Any CPU
		{8042CF3D-D061-46C0-903F-B9F44C6351D5}.Release|x86.Build.0 = Release|Any CPU
		{8042CF3D-D061-46C0-903F-B9F44C6351D5}.SingleImage|Any CPU.ActiveCfg = Release|Any CPU
		{8042CF3D-D061-46C0-903F-B9F44C6351D5}.SingleImage|Any CPU.Build.0 = Release|Any CPU
		{8042CF3D-D061-46C0-903F-B9F44C6351D5}.SingleImage|ARM.ActiveCfg = Release|Any CPU
		{8042CF3D-D061-46C0-903F-B9F44C6351D5}.SingleImage|ARM.Build.0 = Release|Any CPU
		{8042CF3D-D061-46C0-903F-B9F44C6351D5}.SingleImage|Mixed Platforms.ActiveCfg = Release|Any CPU
		{8042CF3D-D061-46C0-903F-B9F44C6351D5}.SingleImage|Mixed Platforms.Build.0 = Release|Any CPU
		{8042CF3D-D061-46C0-903F-B9F44C6351D5}.SingleImage|x64.ActiveCfg = Release|Any CPU
		{8042CF3D-D061-46C0-903F-B9F44C6351D5}.SingleImage|x64.Build.0 = Release|Any CPU
		{8042CF3D-D061-46C0-903F-B9F44C6351D5}.SingleImage|x86.ActiveCfg = Release|Any CPU
		{8042CF3D-D061-46C0-903F-B9F44C6351D5}.SingleImage|x86.Build.0 = Release|Any CPU
		{0931EF47-DD88-4A4A-A17F-81F808D9F86E}.CD_ROM|Any CPU.ActiveCfg = Release|Any CPU
		{0931EF47-DD88-4A4A-A17F-81F808D9F86E}.CD_ROM|Any CPU.Build.0 = Release|Any CPU
		{0931EF47-DD88-4A4A-A17F-81F808D9F86E}.CD_ROM|ARM.ActiveCfg = Release|Any CPU
		{0931EF47-DD88-4A4A-A17F-81F808D9F86E}.CD_ROM|ARM.Build.0 = Release|Any CPU
		{0931EF47-DD88-4A4A-A17F-81F808D9F86E}.CD_ROM|Mixed Platforms.ActiveCfg = Release|Any CPU
		{0931EF47-DD88-4A4A-A17F-81F808D9F86E}.CD_ROM|Mixed Platforms.Build.0 = Release|Any CPU
		{0931EF47-DD88-4A4A-A17F-81F808D9F86E}.CD_ROM|x64.ActiveCfg = Release|Any CPU
		{0931EF47-DD88-4A4A-A17F-81F808D9F86E}.CD_ROM|x64.Build.0 = Release|Any CPU
		{0931EF47-DD88-4A4A-A17F-81F808D9F86E}.CD_ROM|x86.ActiveCfg = Release|Any CPU
		{0931EF47-DD88-4A4A-A17F-81F808D9F86E}.CD_ROM|x86.Build.0 = Release|Any CPU
		{0931EF47-DD88-4A4A-A17F-81F808D9F86E}.Debug|Any CPU.ActiveCfg = Debug|Any CPU
		{0931EF47-DD88-4A4A-A17F-81F808D9F86E}.Debug|Any CPU.Build.0 = Debug|Any CPU
		{0931EF47-DD88-4A4A-A17F-81F808D9F86E}.Debug|ARM.ActiveCfg = Debug|Any CPU
		{0931EF47-DD88-4A4A-A17F-81F808D9F86E}.Debug|ARM.Build.0 = Debug|Any CPU
		{0931EF47-DD88-4A4A-A17F-81F808D9F86E}.Debug|Mixed Platforms.ActiveCfg = Debug|Any CPU
		{0931EF47-DD88-4A4A-A17F-81F808D9F86E}.Debug|Mixed Platforms.Build.0 = Debug|Any CPU
		{0931EF47-DD88-4A4A-A17F-81F808D9F86E}.Debug|x64.ActiveCfg = Debug|Any CPU
		{0931EF47-DD88-4A4A-A17F-81F808D9F86E}.Debug|x64.Build.0 = Debug|Any CPU
		{0931EF47-DD88-4A4A-A17F-81F808D9F86E}.Debug|x86.ActiveCfg = Debug|Any CPU
		{0931EF47-DD88-4A4A-A17F-81F808D9F86E}.Debug|x86.Build.0 = Debug|Any CPU
		{0931EF47-DD88-4A4A-A17F-81F808D9F86E}.DVD-5|Any CPU.ActiveCfg = Release|Any CPU
		{0931EF47-DD88-4A4A-A17F-81F808D9F86E}.DVD-5|Any CPU.Build.0 = Release|Any CPU
		{0931EF47-DD88-4A4A-A17F-81F808D9F86E}.DVD-5|ARM.ActiveCfg = Release|Any CPU
		{0931EF47-DD88-4A4A-A17F-81F808D9F86E}.DVD-5|ARM.Build.0 = Release|Any CPU
		{0931EF47-DD88-4A4A-A17F-81F808D9F86E}.DVD-5|Mixed Platforms.ActiveCfg = Release|Any CPU
		{0931EF47-DD88-4A4A-A17F-81F808D9F86E}.DVD-5|Mixed Platforms.Build.0 = Release|Any CPU
		{0931EF47-DD88-4A4A-A17F-81F808D9F86E}.DVD-5|x64.ActiveCfg = Release|Any CPU
		{0931EF47-DD88-4A4A-A17F-81F808D9F86E}.DVD-5|x64.Build.0 = Release|Any CPU
		{0931EF47-DD88-4A4A-A17F-81F808D9F86E}.DVD-5|x86.ActiveCfg = Release|Any CPU
		{0931EF47-DD88-4A4A-A17F-81F808D9F86E}.DVD-5|x86.Build.0 = Release|Any CPU
		{0931EF47-DD88-4A4A-A17F-81F808D9F86E}.Release|Any CPU.ActiveCfg = Release|Any CPU
		{0931EF47-DD88-4A4A-A17F-81F808D9F86E}.Release|Any CPU.Build.0 = Release|Any CPU
		{0931EF47-DD88-4A4A-A17F-81F808D9F86E}.Release|ARM.ActiveCfg = Release|Any CPU
		{0931EF47-DD88-4A4A-A17F-81F808D9F86E}.Release|ARM.Build.0 = Release|Any CPU
		{0931EF47-DD88-4A4A-A17F-81F808D9F86E}.Release|Mixed Platforms.ActiveCfg = Release|Any CPU
		{0931EF47-DD88-4A4A-A17F-81F808D9F86E}.Release|Mixed Platforms.Build.0 = Release|Any CPU
		{0931EF47-DD88-4A4A-A17F-81F808D9F86E}.Release|x64.ActiveCfg = Release|Any CPU
		{0931EF47-DD88-4A4A-A17F-81F808D9F86E}.Release|x64.Build.0 = Release|Any CPU
		{0931EF47-DD88-4A4A-A17F-81F808D9F86E}.Release|x86.ActiveCfg = Release|Any CPU
		{0931EF47-DD88-4A4A-A17F-81F808D9F86E}.Release|x86.Build.0 = Release|Any CPU
		{0931EF47-DD88-4A4A-A17F-81F808D9F86E}.SingleImage|Any CPU.ActiveCfg = Release|Any CPU
		{0931EF47-DD88-4A4A-A17F-81F808D9F86E}.SingleImage|Any CPU.Build.0 = Release|Any CPU
		{0931EF47-DD88-4A4A-A17F-81F808D9F86E}.SingleImage|ARM.ActiveCfg = Release|Any CPU
		{0931EF47-DD88-4A4A-A17F-81F808D9F86E}.SingleImage|ARM.Build.0 = Release|Any CPU
		{0931EF47-DD88-4A4A-A17F-81F808D9F86E}.SingleImage|Mixed Platforms.ActiveCfg = Release|Any CPU
		{0931EF47-DD88-4A4A-A17F-81F808D9F86E}.SingleImage|Mixed Platforms.Build.0 = Release|Any CPU
		{0931EF47-DD88-4A4A-A17F-81F808D9F86E}.SingleImage|x64.ActiveCfg = Release|Any CPU
		{0931EF47-DD88-4A4A-A17F-81F808D9F86E}.SingleImage|x64.Build.0 = Release|Any CPU
		{0931EF47-DD88-4A4A-A17F-81F808D9F86E}.SingleImage|x86.ActiveCfg = Release|Any CPU
		{0931EF47-DD88-4A4A-A17F-81F808D9F86E}.SingleImage|x86.Build.0 = Release|Any CPU
		{F8DF54A4-4BCF-4F4B-971B-6F65DD9EC2E8}.CD_ROM|Any CPU.ActiveCfg = Release|Any CPU
		{F8DF54A4-4BCF-4F4B-971B-6F65DD9EC2E8}.CD_ROM|Any CPU.Build.0 = Release|Any CPU
		{F8DF54A4-4BCF-4F4B-971B-6F65DD9EC2E8}.CD_ROM|ARM.ActiveCfg = Release|Any CPU
		{F8DF54A4-4BCF-4F4B-971B-6F65DD9EC2E8}.CD_ROM|ARM.Build.0 = Release|Any CPU
		{F8DF54A4-4BCF-4F4B-971B-6F65DD9EC2E8}.CD_ROM|Mixed Platforms.ActiveCfg = Release|Any CPU
		{F8DF54A4-4BCF-4F4B-971B-6F65DD9EC2E8}.CD_ROM|Mixed Platforms.Build.0 = Release|Any CPU
		{F8DF54A4-4BCF-4F4B-971B-6F65DD9EC2E8}.CD_ROM|x64.ActiveCfg = Release|Any CPU
		{F8DF54A4-4BCF-4F4B-971B-6F65DD9EC2E8}.CD_ROM|x64.Build.0 = Release|Any CPU
		{F8DF54A4-4BCF-4F4B-971B-6F65DD9EC2E8}.CD_ROM|x86.ActiveCfg = Release|Any CPU
		{F8DF54A4-4BCF-4F4B-971B-6F65DD9EC2E8}.CD_ROM|x86.Build.0 = Release|Any CPU
		{F8DF54A4-4BCF-4F4B-971B-6F65DD9EC2E8}.Debug|Any CPU.ActiveCfg = Debug|Any CPU
		{F8DF54A4-4BCF-4F4B-971B-6F65DD9EC2E8}.Debug|Any CPU.Build.0 = Debug|Any CPU
		{F8DF54A4-4BCF-4F4B-971B-6F65DD9EC2E8}.Debug|ARM.ActiveCfg = Debug|Any CPU
		{F8DF54A4-4BCF-4F4B-971B-6F65DD9EC2E8}.Debug|ARM.Build.0 = Debug|Any CPU
		{F8DF54A4-4BCF-4F4B-971B-6F65DD9EC2E8}.Debug|Mixed Platforms.ActiveCfg = Debug|Any CPU
		{F8DF54A4-4BCF-4F4B-971B-6F65DD9EC2E8}.Debug|Mixed Platforms.Build.0 = Debug|Any CPU
		{F8DF54A4-4BCF-4F4B-971B-6F65DD9EC2E8}.Debug|x64.ActiveCfg = Debug|Any CPU
		{F8DF54A4-4BCF-4F4B-971B-6F65DD9EC2E8}.Debug|x64.Build.0 = Debug|Any CPU
		{F8DF54A4-4BCF-4F4B-971B-6F65DD9EC2E8}.Debug|x86.ActiveCfg = Debug|Any CPU
		{F8DF54A4-4BCF-4F4B-971B-6F65DD9EC2E8}.Debug|x86.Build.0 = Debug|Any CPU
		{F8DF54A4-4BCF-4F4B-971B-6F65DD9EC2E8}.DVD-5|Any CPU.ActiveCfg = Release|Any CPU
		{F8DF54A4-4BCF-4F4B-971B-6F65DD9EC2E8}.DVD-5|Any CPU.Build.0 = Release|Any CPU
		{F8DF54A4-4BCF-4F4B-971B-6F65DD9EC2E8}.DVD-5|ARM.ActiveCfg = Release|Any CPU
		{F8DF54A4-4BCF-4F4B-971B-6F65DD9EC2E8}.DVD-5|ARM.Build.0 = Release|Any CPU
		{F8DF54A4-4BCF-4F4B-971B-6F65DD9EC2E8}.DVD-5|Mixed Platforms.ActiveCfg = Release|Any CPU
		{F8DF54A4-4BCF-4F4B-971B-6F65DD9EC2E8}.DVD-5|Mixed Platforms.Build.0 = Release|Any CPU
		{F8DF54A4-4BCF-4F4B-971B-6F65DD9EC2E8}.DVD-5|x64.ActiveCfg = Release|Any CPU
		{F8DF54A4-4BCF-4F4B-971B-6F65DD9EC2E8}.DVD-5|x64.Build.0 = Release|Any CPU
		{F8DF54A4-4BCF-4F4B-971B-6F65DD9EC2E8}.DVD-5|x86.ActiveCfg = Release|Any CPU
		{F8DF54A4-4BCF-4F4B-971B-6F65DD9EC2E8}.DVD-5|x86.Build.0 = Release|Any CPU
		{F8DF54A4-4BCF-4F4B-971B-6F65DD9EC2E8}.Release|Any CPU.ActiveCfg = Release|Any CPU
		{F8DF54A4-4BCF-4F4B-971B-6F65DD9EC2E8}.Release|Any CPU.Build.0 = Release|Any CPU
		{F8DF54A4-4BCF-4F4B-971B-6F65DD9EC2E8}.Release|ARM.ActiveCfg = Release|Any CPU
		{F8DF54A4-4BCF-4F4B-971B-6F65DD9EC2E8}.Release|ARM.Build.0 = Release|Any CPU
		{F8DF54A4-4BCF-4F4B-971B-6F65DD9EC2E8}.Release|Mixed Platforms.ActiveCfg = Release|Any CPU
		{F8DF54A4-4BCF-4F4B-971B-6F65DD9EC2E8}.Release|Mixed Platforms.Build.0 = Release|Any CPU
		{F8DF54A4-4BCF-4F4B-971B-6F65DD9EC2E8}.Release|x64.ActiveCfg = Release|Any CPU
		{F8DF54A4-4BCF-4F4B-971B-6F65DD9EC2E8}.Release|x64.Build.0 = Release|Any CPU
		{F8DF54A4-4BCF-4F4B-971B-6F65DD9EC2E8}.Release|x86.ActiveCfg = Release|Any CPU
		{F8DF54A4-4BCF-4F4B-971B-6F65DD9EC2E8}.Release|x86.Build.0 = Release|Any CPU
		{F8DF54A4-4BCF-4F4B-971B-6F65DD9EC2E8}.SingleImage|Any CPU.ActiveCfg = Release|Any CPU
		{F8DF54A4-4BCF-4F4B-971B-6F65DD9EC2E8}.SingleImage|Any CPU.Build.0 = Release|Any CPU
		{F8DF54A4-4BCF-4F4B-971B-6F65DD9EC2E8}.SingleImage|ARM.ActiveCfg = Release|Any CPU
		{F8DF54A4-4BCF-4F4B-971B-6F65DD9EC2E8}.SingleImage|ARM.Build.0 = Release|Any CPU
		{F8DF54A4-4BCF-4F4B-971B-6F65DD9EC2E8}.SingleImage|Mixed Platforms.ActiveCfg = Release|Any CPU
		{F8DF54A4-4BCF-4F4B-971B-6F65DD9EC2E8}.SingleImage|Mixed Platforms.Build.0 = Release|Any CPU
		{F8DF54A4-4BCF-4F4B-971B-6F65DD9EC2E8}.SingleImage|x64.ActiveCfg = Release|Any CPU
		{F8DF54A4-4BCF-4F4B-971B-6F65DD9EC2E8}.SingleImage|x64.Build.0 = Release|Any CPU
		{F8DF54A4-4BCF-4F4B-971B-6F65DD9EC2E8}.SingleImage|x86.ActiveCfg = Release|Any CPU
		{F8DF54A4-4BCF-4F4B-971B-6F65DD9EC2E8}.SingleImage|x86.Build.0 = Release|Any CPU
	EndGlobalSection
	GlobalSection(SolutionProperties) = preSolution
		HideSolutionNode = FALSE
	EndGlobalSection
	GlobalSection(ExtensibilityGlobals) = postSolution
		SolutionGuid = {DA77C43E-47E7-439D-B816-BAB930FDC178}
	EndGlobalSection
EndGlobal
